
Microsoft Visual Studio Solution File, Format Version 12.00
# Visual Studio 14
VisualStudioVersion = 14.0.25123.0
MinimumVisualStudioVersion = 10.0.40219.1
Project("{FAE04EC0-301F-11D3-BF4B-00C04F79EFBC}") = "Tritalk-Server", "Tritalk-Server\Tritalk-Server.csproj", "{4C30EB1C-3991-47A6-BF33-C728D03B28C1}"
EndProject
Project("{FAE04EC0-301F-11D3-BF4B-00C04F79EFBC}") = "Tritalk-Libs", "TraceLib\Tritalk-Libs.csproj", "{B405438F-B390-4EEB-AA8C-9235986A9FD0}"
EndProject
Project("{FAE04EC0-301F-11D3-BF4B-00C04F79EFBC}") = "Tritalk-TcpClient", "Tritalk-TcpClient\Tritalk-TcpClient.csproj", "{2A72AB2F-83D7-4FA9-81D8-10055EF9766B}"
EndProject
Project("{FAE04EC0-301F-11D3-BF4B-00C04F79EFBC}") = "ChatCoreTesting", "Tests\ChatCoreTesting\ChatCoreTesting.csproj", "{2CD0E87F-D8A0-4465-82C9-9E95B5D2CB16}"
EndProject
Project("{2150E333-8FDC-42A3-9474-1A3956D46DE8}") = "Tests", "Tests", "{4FBAF6FF-13AE-4A5B-A0BE-8EBAE8FDA630}"
EndProject
Project("{FAE04EC0-301F-11D3-BF4B-00C04F79EFBC}") = "ClientChatTest", "Tests\ClientChatTest\ClientChatTest.csproj", "{131970D1-9CA4-4CA4-B952-A6919AE4125C}"
EndProject
Project("{FAE04EC0-301F-11D3-BF4B-00C04F79EFBC}") = "TcpClientTest", "Tests\ServerTest\TcpClientTest.csproj", "{C98FB29A-86BC-4D54-A7E7-026C4A38FD66}"
EndProject
Project("{FAE04EC0-301F-11D3-BF4B-00C04F79EFBC}") = "TcpServerTest", "Tests\Testing\TcpServerTest.csproj", "{64B74966-C4E2-45B5-A2E9-04BBE57F2A28}"
EndProject
Project("{FAE04EC0-301F-11D3-BF4B-00C04F79EFBC}") = "TraceHandle", "Tests\TraceHandle\TraceHandle.csproj", "{900D5AC0-3362-47DD-B2C3-201A35362E9E}"
EndProject
Global
	GlobalSection(SolutionConfigurationPlatforms) = preSolution
		Debug|Any CPU = Debug|Any CPU
		Release|Any CPU = Release|Any CPU
	EndGlobalSection
	GlobalSection(ProjectConfigurationPlatforms) = postSolution
		{4C30EB1C-3991-47A6-BF33-C728D03B28C1}.Debug|Any CPU.ActiveCfg = Debug|Any CPU
		{4C30EB1C-3991-47A6-BF33-C728D03B28C1}.Debug|Any CPU.Build.0 = Debug|Any CPU
		{4C30EB1C-3991-47A6-BF33-C728D03B28C1}.Release|Any CPU.ActiveCfg = Release|Any CPU
		{4C30EB1C-3991-47A6-BF33-C728D03B28C1}.Release|Any CPU.Build.0 = Release|Any CPU
		{B405438F-B390-4EEB-AA8C-9235986A9FD0}.Debug|Any CPU.ActiveCfg = Debug|Any CPU
		{B405438F-B390-4EEB-AA8C-9235986A9FD0}.Debug|Any CPU.Build.0 = Debug|Any CPU
		{B405438F-B390-4EEB-AA8C-9235986A9FD0}.Release|Any CPU.ActiveCfg = Release|Any CPU
		{B405438F-B390-4EEB-AA8C-9235986A9FD0}.Release|Any CPU.Build.0 = Release|Any CPU
		{2A72AB2F-83D7-4FA9-81D8-10055EF9766B}.Debug|Any CPU.ActiveCfg = Debug|Any CPU
		{2A72AB2F-83D7-4FA9-81D8-10055EF9766B}.Debug|Any CPU.Build.0 = Debug|Any CPU
		{2A72AB2F-83D7-4FA9-81D8-10055EF9766B}.Release|Any CPU.ActiveCfg = Release|Any CPU
		{2A72AB2F-83D7-4FA9-81D8-10055EF9766B}.Release|Any CPU.Build.0 = Release|Any CPU
		{2CD0E87F-D8A0-4465-82C9-9E95B5D2CB16}.Debug|Any CPU.ActiveCfg = Debug|Any CPU
		{2CD0E87F-D8A0-4465-82C9-9E95B5D2CB16}.Debug|Any CPU.Build.0 = Debug|Any CPU
		{2CD0E87F-D8A0-4465-82C9-9E95B5D2CB16}.Release|Any CPU.ActiveCfg = Release|Any CPU
		{2CD0E87F-D8A0-4465-82C9-9E95B5D2CB16}.Release|Any CPU.Build.0 = Release|Any CPU
		{131970D1-9CA4-4CA4-B952-A6919AE4125C}.Debug|Any CPU.ActiveCfg = Debug|Any CPU
		{131970D1-9CA4-4CA4-B952-A6919AE4125C}.Debug|Any CPU.Build.0 = Debug|Any CPU
		{131970D1-9CA4-4CA4-B952-A6919AE4125C}.Release|Any CPU.ActiveCfg = Release|Any CPU
		{131970D1-9CA4-4CA4-B952-A6919AE4125C}.Release|Any CPU.Build.0 = Release|Any CPU
		{C98FB29A-86BC-4D54-A7E7-026C4A38FD66}.Debug|Any CPU.ActiveCfg = Debug|Any CPU
		{C98FB29A-86BC-4D54-A7E7-026C4A38FD66}.Debug|Any CPU.Build.0 = Debug|Any CPU
		{C98FB29A-86BC-4D54-A7E7-026C4A38FD66}.Release|Any CPU.ActiveCfg = Release|Any CPU
		{C98FB29A-86BC-4D54-A7E7-026C4A38FD66}.Release|Any CPU.Build.0 = Release|Any CPU
		{64B74966-C4E2-45B5-A2E9-04BBE57F2A28}.Debug|Any CPU.ActiveCfg = Debug|Any CPU
		{64B74966-C4E2-45B5-A2E9-04BBE57F2A28}.Debug|Any CPU.Build.0 = Debug|Any CPU
		{64B74966-C4E2-45B5-A2E9-04BBE57F2A28}.Release|Any CPU.ActiveCfg = Release|Any CPU
		{64B74966-C4E2-45B5-A2E9-04BBE57F2A28}.Release|Any CPU.Build.0 = Release|Any CPU
		{900D5AC0-3362-47DD-B2C3-201A35362E9E}.Debug|Any CPU.ActiveCfg = Debug|Any CPU
		{900D5AC0-3362-47DD-B2C3-201A35362E9E}.Debug|Any CPU.Build.0 = Debug|Any CPU
		{900D5AC0-3362-47DD-B2C3-201A35362E9E}.Release|Any CPU.ActiveCfg = Release|Any CPU
		{900D5AC0-3362-47DD-B2C3-201A35362E9E}.Release|Any CPU.Build.0 = Release|Any CPU
	EndGlobalSection
	GlobalSection(SolutionProperties) = preSolution
		HideSolutionNode = FALSE
	EndGlobalSection
	GlobalSection(NestedProjects) = preSolution
		{2CD0E87F-D8A0-4465-82C9-9E95B5D2CB16} = {4FBAF6FF-13AE-4A5B-A0BE-8EBAE8FDA630}
		{131970D1-9CA4-4CA4-B952-A6919AE4125C} = {4FBAF6FF-13AE-4A5B-A0BE-8EBAE8FDA630}
		{C98FB29A-86BC-4D54-A7E7-026C4A38FD66} = {4FBAF6FF-13AE-4A5B-A0BE-8EBAE8FDA630}
		{64B74966-C4E2-45B5-A2E9-04BBE57F2A28} = {4FBAF6FF-13AE-4A5B-A0BE-8EBAE8FDA630}
		{900D5AC0-3362-47DD-B2C3-201A35362E9E} = {4FBAF6FF-13AE-4A5B-A0BE-8EBAE8FDA630}
	EndGlobalSection
EndGlobal
